{
  "name": "@abigpotostew/matter-js-serialize",
  "version": "0.19.5",
  "lockfileVersion": 3,
  "requires": true,
  "packages": {
    "": {
      "name": "@abigpotostew/matter-js-serialize",
      "version": "0.19.5",
      "license": "MIT",
      "devDependencies": {
        "@types/matter-js": "^0.19.5",
        "matter-js": "^0.19.0",
        "typescript": "5.3.2"
      }
    },
    "node_modules/@types/matter-js": {
      "version": "0.19.5",
      "resolved": "https://registry.npmjs.org/@types/matter-js/-/matter-js-0.19.5.tgz",
      "integrity": "sha512-pTVB5krRGb01hr8L6BJqWGoSriqUbbvJ9Fd0Qp0eAOE//w/lFvkaVHkVB8J3wXr9U3lZDzmAjJPPQn7x4wzbWg==",
      "dev": true
    },
    "node_modules/matter-js": {
      "version": "0.19.0",
      "resolved": "https://registry.npmjs.org/matter-js/-/matter-js-0.19.0.tgz",
      "integrity": "sha512-v2huwvQGOHTGOkMqtHd2hercCG3f6QAObTisPPHg8TZqq2lz7eIY/5i/5YUV8Ibf3mEioFEmwibcPUF2/fnKKQ==",
      "dev": true
    },
    "node_modules/typescript": {
      "version": "5.3.2",
      "resolved": "https://registry.npmjs.org/typescript/-/typescript-5.3.2.tgz",
      "integrity": "sha512-6l+RyNy7oAHDfxC4FzSJcz9vnjTKxrLpDG5M2Vu4SHRVNg6xzqZp6LYSR9zjqQTu8DU/f5xwxUdADOkbrIX2gQ==",
      "dev": true,
      "bin": {
        "tsc": "bin/tsc",
        "tsserver": "bin/tsserver"
      },
      "engines": {
        "node": ">=14.17"
      }
    }
  }
}
